
Microsoft Visual Studio Solution File, Format Version 12.00
# Visual Studio Version 17
VisualStudioVersion = 17.1.32210.238
MinimumVisualStudioVersion = 10.0.40219.1
Project("{FAE04EC0-301F-11D3-BF4B-00C04F79EFBC}") = "TPB", "TPB.csproj", "{1E9D2A88-776D-446B-A00D-B5431BE53595}"
EndProject
Project("{FAE04EC0-301F-11D3-BF4B-00C04F79EFBC}") = "HTX-NINJA", "..\HTX-NINJA\HTX-NINJA.csproj", "{C6CE3611-AA94-45D4-A3AB-15A426206DD2}"
EndProject
Global
	GlobalSection(SolutionConfigurationPlatforms) = preSolution
		Debug|Any CPU = Debug|Any CPU
		Release|Any CPU = Release|Any CPU
	EndGlobalSection
	GlobalSection(ProjectConfigurationPlatforms) = postSolution
		{1E9D2A88-776D-446B-A00D-B5431BE53595}.Debug|Any CPU.ActiveCfg = Debug|Any CPU
		{1E9D2A88-776D-446B-A00D-B5431BE53595}.Debug|Any CPU.Build.0 = Debug|Any CPU
		{1E9D2A88-776D-446B-A00D-B5431BE53595}.Release|Any CPU.ActiveCfg = Release|Any CPU
		{1E9D2A88-776D-446B-A00D-B5431BE53595}.Release|Any CPU.Build.0 = Release|Any CPU
		{C6CE3611-AA94-45D4-A3AB-15A426206DD2}.Debug|Any CPU.ActiveCfg = Debug|Any CPU
		{C6CE3611-AA94-45D4-A3AB-15A426206DD2}.Debug|Any CPU.Build.0 = Debug|Any CPU
		{C6CE3611-AA94-45D4-A3AB-15A426206DD2}.Release|Any CPU.ActiveCfg = Release|Any CPU
		{C6CE3611-AA94-45D4-A3AB-15A426206DD2}.Release|Any CPU.Build.0 = Release|Any CPU
	EndGlobalSection
	GlobalSection(SolutionProperties) = preSolution
		HideSolutionNode = FALSE
	EndGlobalSection
	GlobalSection(ExtensibilityGlobals) = postSolution
		SolutionGuid = {D141EEC7-C77E-49E4-BFFA-2132700E4EC2}
	EndGlobalSection
EndGlobal
